
Microsoft Visual Studio Solution File, Format Version 12.00
# Visual Studio Version 17
VisualStudioVersion = 17.1.32210.238
MinimumVisualStudioVersion = 10.0.40219.1
Project("{9A19103F-16F7-4668-BE54-9A1E7A4F7556}") = "ArkProjects.XUnit", "ArkProjects.XUnit\ArkProjects.XUnit.csproj", "{D2CC90C5-771C-4D58-A8EF-393B5E2EF189}"
EndProject
Project("{9A19103F-16F7-4668-BE54-9A1E7A4F7556}") = "ArkProjects.XUnit.Test", "ArkProjects.XUnit.Test\ArkProjects.XUnit.Test.csproj", "{D75E9EEA-D997-40E9-A7D5-3A0D0A3C0063}"
EndProject
Global
	GlobalSection(SolutionConfigurationPlatforms) = preSolution
		Debug|Any CPU = Debug|Any CPU
		Release|Any CPU = Release|Any CPU
	EndGlobalSection
	GlobalSection(ProjectConfigurationPlatforms) = postSolution
		{D2CC90C5-771C-4D58-A8EF-393B5E2EF189}.Debug|Any CPU.ActiveCfg = Debug|Any CPU
		{D2CC90C5-771C-4D58-A8EF-393B5E2EF189}.Debug|Any CPU.Build.0 = Debug|Any CPU
		{D2CC90C5-771C-4D58-A8EF-393B5E2EF189}.Release|Any CPU.ActiveCfg = Release|Any CPU
		{D2CC90C5-771C-4D58-A8EF-393B5E2EF189}.Release|Any CPU.Build.0 = Release|Any CPU
		{D75E9EEA-D997-40E9-A7D5-3A0D0A3C0063}.Debug|Any CPU.ActiveCfg = Debug|Any CPU
		{D75E9EEA-D997-40E9-A7D5-3A0D0A3C0063}.Debug|Any CPU.Build.0 = Debug|Any CPU
		{D75E9EEA-D997-40E9-A7D5-3A0D0A3C0063}.Release|Any CPU.ActiveCfg = Release|Any CPU
		{D75E9EEA-D997-40E9-A7D5-3A0D0A3C0063}.Release|Any CPU.Build.0 = Release|Any CPU
	EndGlobalSection
	GlobalSection(SolutionProperties) = preSolution
		HideSolutionNode = FALSE
	EndGlobalSection
	GlobalSection(ExtensibilityGlobals) = postSolution
		SolutionGuid = {C5A56FB6-935C-4E6E-9678-9EDD60FF61B7}
	EndGlobalSection
EndGlobal
